{
  "requires": true,
  "lockfileVersion": 1,
  "dependencies": {
    "mdbootstrap": {
      "version": "4.16.0",
      "resolved": "https://registry.npmjs.org/mdbootstrap/-/mdbootstrap-4.16.0.tgz",
      "integrity": "sha512-HtCfcu6bGxJ3UOofuasaKGHfMKSX0D6+I23QAOmyiFjfdwzJEYW13yRvx2Jzc9aSkc+YXwlp8jTl3PQfcSYtGg=="
    }
  }
}
